
Microsoft Visual Studio Solution File, Format Version 12.00
# Visual Studio Version 17
VisualStudioVersion = 17.9.34728.123
MinimumVisualStudioVersion = 10.0.40219.1
Project("{FAE04EC0-301F-11D3-BF4B-00C04F79EFBC}") = "StudentDetail", "StudentDetail.csproj", "{2173BFD1-BFB2-46F6-B7EC-73C1C715A587}"
EndProject
Project("{FAE04EC0-301F-11D3-BF4B-00C04F79EFBC}") = "StudentDetailBL", "..\StudentDetailBL\StudentDetailBL.csproj", "{79AF753C-3877-46FC-A5E0-AAAB02742763}"
EndProject
Global
	GlobalSection(SolutionConfigurationPlatforms) = preSolution
		Debug|Any CPU = Debug|Any CPU
		Release|Any CPU = Release|Any CPU
	EndGlobalSection
	GlobalSection(ProjectConfigurationPlatforms) = postSolution
		{2173BFD1-BFB2-46F6-B7EC-73C1C715A587}.Debug|Any CPU.ActiveCfg = Debug|Any CPU
		{2173BFD1-BFB2-46F6-B7EC-73C1C715A587}.Debug|Any CPU.Build.0 = Debug|Any CPU
		{2173BFD1-BFB2-46F6-B7EC-73C1C715A587}.Release|Any CPU.ActiveCfg = Release|Any CPU
		{2173BFD1-BFB2-46F6-B7EC-73C1C715A587}.Release|Any CPU.Build.0 = Release|Any CPU
		{79AF753C-3877-46FC-A5E0-AAAB02742763}.Debug|Any CPU.ActiveCfg = Debug|Any CPU
		{79AF753C-3877-46FC-A5E0-AAAB02742763}.Debug|Any CPU.Build.0 = Debug|Any CPU
		{79AF753C-3877-46FC-A5E0-AAAB02742763}.Release|Any CPU.ActiveCfg = Release|Any CPU
		{79AF753C-3877-46FC-A5E0-AAAB02742763}.Release|Any CPU.Build.0 = Release|Any CPU
	EndGlobalSection
	GlobalSection(SolutionProperties) = preSolution
		HideSolutionNode = FALSE
	EndGlobalSection
	GlobalSection(ExtensibilityGlobals) = postSolution
		SolutionGuid = {855DBBF9-008D-442D-85FF-83D21B732662}
	EndGlobalSection
EndGlobal
